
Microsoft Visual Studio Solution File, Format Version 12.00
# Visual Studio 2012
Project("{FAE04EC0-301F-11D3-BF4B-00C04F79EFBC}") = "TP9", "TP9\TP9.csproj", "{28B26F3E-02DA-4CD7-BDE8-9F02A719E274}"
EndProject
Global
	GlobalSection(SolutionConfigurationPlatforms) = preSolution
		Debug|x86 = Debug|x86
		Release|x86 = Release|x86
	EndGlobalSection
	GlobalSection(ProjectConfigurationPlatforms) = postSolution
		{28B26F3E-02DA-4CD7-BDE8-9F02A719E274}.Debug|x86.ActiveCfg = Debug|x86
		{28B26F3E-02DA-4CD7-BDE8-9F02A719E274}.Debug|x86.Build.0 = Debug|x86
		{28B26F3E-02DA-4CD7-BDE8-9F02A719E274}.Release|x86.ActiveCfg = Release|x86
		{28B26F3E-02DA-4CD7-BDE8-9F02A719E274}.Release|x86.Build.0 = Release|x86
	EndGlobalSection
EndGlobal
